// !$*UTF8*$!
{
	archiveVersion = 1;
	classes = {
	};
	objectVersion = 46;
	objects = {

/* Begin PBXBuildFile section */
		DF365F7D1B65184B00E8E9A3 /* UIScrollView+EmptyDataSet.m in Sources */ = {isa = PBXBuildFile; fileRef = DF365F7C1B65184B00E8E9A3 /* UIScrollView+EmptyDataSet.m */; };
		DF365F801B65232100E8E9A3 /* GiFHUD.m in Sources */ = {isa = PBXBuildFile; fileRef = DF365F7F1B65232100E8E9A3 /* GiFHUD.m */; };
		DF365F821B6523F700E8E9A3 /* could.gif in Resources */ = {isa = PBXBuildFile; fileRef = DF365F811B6523F700E8E9A3 /* could.gif */; };
		DF365F8B1B65362800E8E9A3 /* SubDeviceCell.m in Sources */ = {isa = PBXBuildFile; fileRef = DF365F891B65362800E8E9A3 /* SubDeviceCell.m */; };
		DF365F8C1B65362800E8E9A3 /* SubDeviceCell.xib in Resources */ = {isa = PBXBuildFile; fileRef = DF365F8A1B65362800E8E9A3 /* SubDeviceCell.xib */; };
		DF365F8F1B65373300E8E9A3 /* DataTool.m in Sources */ = {isa = PBXBuildFile; fileRef = DF365F8E1B65373300E8E9A3 /* DataTool.m */; };
		DF365F931B653C9700E8E9A3 /* NickNameVC.m in Sources */ = {isa = PBXBuildFile; fileRef = DF365F911B653C9700E8E9A3 /* NickNameVC.m */; };
		DF365F941B653C9700E8E9A3 /* NickNameVC.xib in Resources */ = {isa = PBXBuildFile; fileRef = DF365F921B653C9700E8E9A3 /* NickNameVC.xib */; };
		DF365F981B65B37200E8E9A3 /* AnswerCell.m in Sources */ = {isa = PBXBuildFile; fileRef = DF365F961B65B37200E8E9A3 /* AnswerCell.m */; };
		DF365F991B65B37200E8E9A3 /* AnswerCell.xib in Resources */ = {isa = PBXBuildFile; fileRef = DF365F971B65B37200E8E9A3 /* AnswerCell.xib */; };
		DF365F9D1B65B74200E8E9A3 /* AnswerVC.m in Sources */ = {isa = PBXBuildFile; fileRef = DF365F9B1B65B74200E8E9A3 /* AnswerVC.m */; };
		DF365F9E1B65B74200E8E9A3 /* AnswerVC.xib in Resources */ = {isa = PBXBuildFile; fileRef = DF365F9C1B65B74200E8E9A3 /* AnswerVC.xib */; };
		DFC906691B5FD99B00F4DFC5 /* main.m in Sources */ = {isa = PBXBuildFile; fileRef = DFC906681B5FD99B00F4DFC5 /* main.m */; };
		DFC9066C1B5FD99B00F4DFC5 /* AppDelegate.m in Sources */ = {isa = PBXBuildFile; fileRef = DFC9066B1B5FD99B00F4DFC5 /* AppDelegate.m */; };
		DFC9066F1B5FD99B00F4DFC5 /* ViewController.m in Sources */ = {isa = PBXBuildFile; fileRef = DFC9066E1B5FD99B00F4DFC5 /* ViewController.m */; };
		DFC906721B5FD99B00F4DFC5 /* Main.storyboard in Resources */ = {isa = PBXBuildFile; fileRef = DFC906701B5FD99B00F4DFC5 /* Main.storyboard */; };
		DFC906741B5FD99B00F4DFC5 /* Images.xcassets in Resources */ = {isa = PBXBuildFile; fileRef = DFC906731B5FD99B00F4DFC5 /* Images.xcassets */; };
		DFC906771B5FD99B00F4DFC5 /* LaunchScreen.xib in Resources */ = {isa = PBXBuildFile; fileRef = DFC906751B5FD99B00F4DFC5 /* LaunchScreen.xib */; };
		DFC906831B5FD99B00F4DFC5 /* responderTests.m in Sources */ = {isa = PBXBuildFile; fileRef = DFC906821B5FD99B00F4DFC5 /* responderTests.m */; };
		DFC9068D1B5FD9A700F4DFC5 /* CoreBluetooth.framework in Frameworks */ = {isa = PBXBuildFile; fileRef = DFC9068C1B5FD9A700F4DFC5 /* CoreBluetooth.framework */; };
		DFFFF1011B6350A000B710D8 /* DeviceHelper.m in Sources */ = {isa = PBXBuildFile; fileRef = DFFFF1001B6350A000B710D8 /* DeviceHelper.m */; };
/* End PBXBuildFile section */

/* Begin PBXContainerItemProxy section */
		DFC9067D1B5FD99B00F4DFC5 /* PBXContainerItemProxy */ = {
			isa = PBXContainerItemProxy;
			containerPortal = DFC9065B1B5FD99A00F4DFC5 /* Project object */;
			proxyType = 1;
			remoteGlobalIDString = DFC906621B5FD99A00F4DFC5;
			remoteInfo = responder;
		};
/* End PBXContainerItemProxy section */

/* Begin PBXFileReference section */
		DF365F7B1B65184B00E8E9A3 /* UIScrollView+EmptyDataSet.h */ = {isa = PBXFileReference; fileEncoding = 4; lastKnownFileType = sourcecode.c.h; path = "UIScrollView+EmptyDataSet.h"; sourceTree = "<group>"; };
		DF365F7C1B65184B00E8E9A3 /* UIScrollView+EmptyDataSet.m */ = {isa = PBXFileReference; fileEncoding = 4; lastKnownFileType = sourcecode.c.objc; path = "UIScrollView+EmptyDataSet.m"; sourceTree = "<group>"; };
		DF365F7E1B65232100E8E9A3 /* GiFHUD.h */ = {isa = PBXFileReference; fileEncoding = 4; lastKnownFileType = sourcecode.c.h; path = GiFHUD.h; sourceTree = "<group>"; };
		DF365F7F1B65232100E8E9A3 /* GiFHUD.m */ = {isa = PBXFileReference; fileEncoding = 4; lastKnownFileType = sourcecode.c.objc; path = GiFHUD.m; sourceTree = "<group>"; };
		DF365F811B6523F700E8E9A3 /* could.gif */ = {isa = PBXFileReference; lastKnownFileType = image.gif; path = could.gif; sourceTree = "<group>"; };
		DF365F881B65362800E8E9A3 /* SubDeviceCell.h */ = {isa = PBXFileReference; fileEncoding = 4; lastKnownFileType = sourcecode.c.h; path = SubDeviceCell.h; sourceTree = "<group>"; };
		DF365F891B65362800E8E9A3 /* SubDeviceCell.m */ = {isa = PBXFileReference; fileEncoding = 4; lastKnownFileType = sourcecode.c.objc; path = SubDeviceCell.m; sourceTree = "<group>"; };
		DF365F8A1B65362800E8E9A3 /* SubDeviceCell.xib */ = {isa = PBXFileReference; fileEncoding = 4; lastKnownFileType = file.xib; path = SubDeviceCell.xib; sourceTree = "<group>"; };
		DF365F8D1B65373300E8E9A3 /* DataTool.h */ = {isa = PBXFileReference; fileEncoding = 4; lastKnownFileType = sourcecode.c.h; path = DataTool.h; sourceTree = "<group>"; };
		DF365F8E1B65373300E8E9A3 /* DataTool.m */ = {isa = PBXFileReference; fileEncoding = 4; lastKnownFileType = sourcecode.c.objc; path = DataTool.m; sourceTree = "<group>"; };
		DF365F901B653C9700E8E9A3 /* NickNameVC.h */ = {isa = PBXFileReference; fileEncoding = 4; lastKnownFileType = sourcecode.c.h; path = NickNameVC.h; sourceTree = "<group>"; };
		DF365F911B653C9700E8E9A3 /* NickNameVC.m */ = {isa = PBXFileReference; fileEncoding = 4; lastKnownFileType = sourcecode.c.objc; path = NickNameVC.m; sourceTree = "<group>"; };
		DF365F921B653C9700E8E9A3 /* NickNameVC.xib */ = {isa = PBXFileReference; fileEncoding = 4; lastKnownFileType = file.xib; path = NickNameVC.xib; sourceTree = "<group>"; };
		DF365F951B65B37200E8E9A3 /* AnswerCell.h */ = {isa = PBXFileReference; fileEncoding = 4; lastKnownFileType = sourcecode.c.h; path = AnswerCell.h; sourceTree = "<group>"; };
		DF365F961B65B37200E8E9A3 /* AnswerCell.m */ = {isa = PBXFileReference; fileEncoding = 4; lastKnownFileType = sourcecode.c.objc; path = AnswerCell.m; sourceTree = "<group>"; };
		DF365F971B65B37200E8E9A3 /* AnswerCell.xib */ = {isa = PBXFileReference; fileEncoding = 4; lastKnownFileType = file.xib; path = AnswerCell.xib; sourceTree = "<group>"; };
		DF365F9A1B65B74200E8E9A3 /* AnswerVC.h */ = {isa = PBXFileReference; fileEncoding = 4; lastKnownFileType = sourcecode.c.h; path = AnswerVC.h; sourceTree = "<group>"; };
		DF365F9B1B65B74200E8E9A3 /* AnswerVC.m */ = {isa = PBXFileReference; fileEncoding = 4; lastKnownFileType = sourcecode.c.objc; path = AnswerVC.m; sourceTree = "<group>"; };
		DF365F9C1B65B74200E8E9A3 /* AnswerVC.xib */ = {isa = PBXFileReference; fileEncoding = 4; lastKnownFileType = file.xib; path = AnswerVC.xib; sourceTree = "<group>"; };
		DFC906631B5FD99A00F4DFC5 /* responder.app */ = {isa = PBXFileReference; explicitFileType = wrapper.application; includeInIndex = 0; path = responder.app; sourceTree = BUILT_PRODUCTS_DIR; };
		DFC906671B5FD99B00F4DFC5 /* Info.plist */ = {isa = PBXFileReference; lastKnownFileType = text.plist.xml; path = Info.plist; sourceTree = "<group>"; };
		DFC906681B5FD99B00F4DFC5 /* main.m */ = {isa = PBXFileReference; lastKnownFileType = sourcecode.c.objc; path = main.m; sourceTree = "<group>"; };
		DFC9066A1B5FD99B00F4DFC5 /* AppDelegate.h */ = {isa = PBXFileReference; lastKnownFileType = sourcecode.c.h; path = AppDelegate.h; sourceTree = "<group>"; };
		DFC9066B1B5FD99B00F4DFC5 /* AppDelegate.m */ = {isa = PBXFileReference; lastKnownFileType = sourcecode.c.objc; path = AppDelegate.m; sourceTree = "<group>"; };
		DFC9066D1B5FD99B00F4DFC5 /* ViewController.h */ = {isa = PBXFileReference; lastKnownFileType = sourcecode.c.h; path = ViewController.h; sourceTree = "<group>"; };
		DFC9066E1B5FD99B00F4DFC5 /* ViewController.m */ = {isa = PBXFileReference; lastKnownFileType = sourcecode.c.objc; path = ViewController.m; sourceTree = "<group>"; };
		DFC906711B5FD99B00F4DFC5 /* Base */ = {isa = PBXFileReference; lastKnownFileType = file.storyboard; name = Base; path = Base.lproj/Main.storyboard; sourceTree = "<group>"; };
		DFC906731B5FD99B00F4DFC5 /* Images.xcassets */ = {isa = PBXFileReference; lastKnownFileType = folder.assetcatalog; path = Images.xcassets; sourceTree = "<group>"; };
		DFC906761B5FD99B00F4DFC5 /* Base */ = {isa = PBXFileReference; lastKnownFileType = file.xib; name = Base; path = Base.lproj/LaunchScreen.xib; sourceTree = "<group>"; };
		DFC9067C1B5FD99B00F4DFC5 /* responderTests.xctest */ = {isa = PBXFileReference; explicitFileType = wrapper.cfbundle; includeInIndex = 0; path = responderTests.xctest; sourceTree = BUILT_PRODUCTS_DIR; };
		DFC906811B5FD99B00F4DFC5 /* Info.plist */ = {isa = PBXFileReference; lastKnownFileType = text.plist.xml; path = Info.plist; sourceTree = "<group>"; };
		DFC906821B5FD99B00F4DFC5 /* responderTests.m */ = {isa = PBXFileReference; lastKnownFileType = sourcecode.c.objc; path = responderTests.m; sourceTree = "<group>"; };
		DFC9068C1B5FD9A700F4DFC5 /* CoreBluetooth.framework */ = {isa = PBXFileReference; lastKnownFileType = wrapper.framework; name = CoreBluetooth.framework; path = System/Library/Frameworks/CoreBluetooth.framework; sourceTree = SDKROOT; };
		DFFFF0FF1B6350A000B710D8 /* DeviceHelper.h */ = {isa = PBXFileReference; fileEncoding = 4; lastKnownFileType = sourcecode.c.h; path = DeviceHelper.h; sourceTree = "<group>"; };
		DFFFF1001B6350A000B710D8 /* DeviceHelper.m */ = {isa = PBXFileReference; fileEncoding = 4; lastKnownFileType = sourcecode.c.objc; path = DeviceHelper.m; sourceTree = "<group>"; };
		DFFFF1021B63528400B710D8 /* ARCSingletonTemplate.h */ = {isa = PBXFileReference; fileEncoding = 4; lastKnownFileType = sourcecode.c.h; path = ARCSingletonTemplate.h; sourceTree = "<group>"; };
/* End PBXFileReference section */

/* Begin PBXFrameworksBuildPhase section */
		DFC906601B5FD99A00F4DFC5 /* Frameworks */ = {
			isa = PBXFrameworksBuildPhase;
			buildActionMask = 2147483647;
			files = (
				DFC9068D1B5FD9A700F4DFC5 /* CoreBluetooth.framework in Frameworks */,
			);
			runOnlyForDeploymentPostprocessing = 0;
		};
		DFC906791B5FD99B00F4DFC5 /* Frameworks */ = {
			isa = PBXFrameworksBuildPhase;
			buildActionMask = 2147483647;
			files = (
			);
			runOnlyForDeploymentPostprocessing = 0;
		};
/* End PBXFrameworksBuildPhase section */

/* Begin PBXGroup section */
		DF365F7A1B65184B00E8E9A3 /* ext */ = {
			isa = PBXGroup;
			children = (
				DF365F7E1B65232100E8E9A3 /* GiFHUD.h */,
				DF365F7F1B65232100E8E9A3 /* GiFHUD.m */,
				DF365F7B1B65184B00E8E9A3 /* UIScrollView+EmptyDataSet.h */,
				DF365F7C1B65184B00E8E9A3 /* UIScrollView+EmptyDataSet.m */,
			);
			path = ext;
			sourceTree = "<group>";
		};
		DFC9065A1B5FD99A00F4DFC5 = {
			isa = PBXGroup;
			children = (
				DFC9068C1B5FD9A700F4DFC5 /* CoreBluetooth.framework */,
				DFC906651B5FD99A00F4DFC5 /* responder */,
				DFC9067F1B5FD99B00F4DFC5 /* responderTests */,
				DFC906641B5FD99A00F4DFC5 /* Products */,
			);
			sourceTree = "<group>";
		};
		DFC906641B5FD99A00F4DFC5 /* Products */ = {
			isa = PBXGroup;
			children = (
				DFC906631B5FD99A00F4DFC5 /* responder.app */,
				DFC9067C1B5FD99B00F4DFC5 /* responderTests.xctest */,
			);
			name = Products;
			sourceTree = "<group>";
		};
		DFC906651B5FD99A00F4DFC5 /* responder */ = {
			isa = PBXGroup;
			children = (
				DF365F811B6523F700E8E9A3 /* could.gif */,
				DF365F7A1B65184B00E8E9A3 /* ext */,
				DFC9066A1B5FD99B00F4DFC5 /* AppDelegate.h */,
				DFC9066B1B5FD99B00F4DFC5 /* AppDelegate.m */,
				DFC9066D1B5FD99B00F4DFC5 /* ViewController.h */,
				DFC9066E1B5FD99B00F4DFC5 /* ViewController.m */,
				DFC906701B5FD99B00F4DFC5 /* Main.storyboard */,
				DFC906731B5FD99B00F4DFC5 /* Images.xcassets */,
				DFC906751B5FD99B00F4DFC5 /* LaunchScreen.xib */,
				DFC906661B5FD99B00F4DFC5 /* Supporting Files */,
				DFFFF0FF1B6350A000B710D8 /* DeviceHelper.h */,
				DFFFF1001B6350A000B710D8 /* DeviceHelper.m */,
				DFFFF1021B63528400B710D8 /* ARCSingletonTemplate.h */,
				DF365F881B65362800E8E9A3 /* SubDeviceCell.h */,
				DF365F891B65362800E8E9A3 /* SubDeviceCell.m */,
				DF365F8A1B65362800E8E9A3 /* SubDeviceCell.xib */,
				DF365F8D1B65373300E8E9A3 /* DataTool.h */,
				DF365F8E1B65373300E8E9A3 /* DataTool.m */,
				DF365F901B653C9700E8E9A3 /* NickNameVC.h */,
				DF365F911B653C9700E8E9A3 /* NickNameVC.m */,
				DF365F921B653C9700E8E9A3 /* NickNameVC.xib */,
				DF365F951B65B37200E8E9A3 /* AnswerCell.h */,
				DF365F961B65B37200E8E9A3 /* AnswerCell.m */,
				DF365F971B65B37200E8E9A3 /* AnswerCell.xib */,
				DF365F9A1B65B74200E8E9A3 /* AnswerVC.h */,
				DF365F9B1B65B74200E8E9A3 /* AnswerVC.m */,
				DF365F9C1B65B74200E8E9A3 /* AnswerVC.xib */,
			);
			path = responder;
			sourceTree = "<group>";
		};
		DFC906661B5FD99B00F4DFC5 /* Supporting Files */ = {
			isa = PBXGroup;
			children = (
				DFC906671B5FD99B00F4DFC5 /* Info.plist */,
				DFC906681B5FD99B00F4DFC5 /* main.m */,
			);
			name = "Supporting Files";
			sourceTree = "<group>";
		};
		DFC9067F1B5FD99B00F4DFC5 /* responderTests */ = {
			isa = PBXGroup;
			children = (
				DFC906821B5FD99B00F4DFC5 /* responderTests.m */,
				DFC906801B5FD99B00F4DFC5 /* Supporting Files */,
			);
			path = responderTests;
			sourceTree = "<group>";
		};
		DFC906801B5FD99B00F4DFC5 /* Supporting Files */ = {
			isa = PBXGroup;
			children = (
				DFC906811B5FD99B00F4DFC5 /* Info.plist */,
			);
			name = "Supporting Files";
			sourceTree = "<group>";
		};
/* End PBXGroup section */

/* Begin PBXNativeTarget section */
		DFC906621B5FD99A00F4DFC5 /* responder */ = {
			isa = PBXNativeTarget;
			buildConfigurationList = DFC906861B5FD99B00F4DFC5 /* Build configuration list for PBXNativeTarget "responder" */;
			buildPhases = (
				DFC9065F1B5FD99A00F4DFC5 /* Sources */,
				DFC906601B5FD99A00F4DFC5 /* Frameworks */,
				DFC906611B5FD99A00F4DFC5 /* Resources */,
			);
			buildRules = (
			);
			dependencies = (
			);
			name = responder;
			productName = responder;
			productReference = DFC906631B5FD99A00F4DFC5 /* responder.app */;
			productType = "com.apple.product-type.application";
		};
		DFC9067B1B5FD99B00F4DFC5 /* responderTests */ = {
			isa = PBXNativeTarget;
			buildConfigurationList = DFC906891B5FD99B00F4DFC5 /* Build configuration list for PBXNativeTarget "responderTests" */;
			buildPhases = (
				DFC906781B5FD99B00F4DFC5 /* Sources */,
				DFC906791B5FD99B00F4DFC5 /* Frameworks */,
				DFC9067A1B5FD99B00F4DFC5 /* Resources */,
			);
			buildRules = (
			);
			dependencies = (
				DFC9067E1B5FD99B00F4DFC5 /* PBXTargetDependency */,
			);
			name = responderTests;
			productName = responderTests;
			productReference = DFC9067C1B5FD99B00F4DFC5 /* responderTests.xctest */;
			productType = "com.apple.product-type.bundle.unit-test";
		};
/* End PBXNativeTarget section */

/* Begin PBXProject section */
		DFC9065B1B5FD99A00F4DFC5 /* Project object */ = {
			isa = PBXProject;
			attributes = {
				LastUpgradeCheck = 0640;
				ORGANIZATIONNAME = ilikeido;
				TargetAttributes = {
					DFC906621B5FD99A00F4DFC5 = {
						CreatedOnToolsVersion = 6.4;
					};
					DFC9067B1B5FD99B00F4DFC5 = {
						CreatedOnToolsVersion = 6.4;
						TestTargetID = DFC906621B5FD99A00F4DFC5;
					};
				};
			};
			buildConfigurationList = DFC9065E1B5FD99A00F4DFC5 /* Build configuration list for PBXProject "responder" */;
			compatibilityVersion = "Xcode 3.2";
			developmentRegion = English;
			hasScannedForEncodings = 0;
			knownRegions = (
				en,
				Base,
			);
			mainGroup = DFC9065A1B5FD99A00F4DFC5;
			productRefGroup = DFC906641B5FD99A00F4DFC5 /* Products */;
			projectDirPath = "";
			projectRoot = "";
			targets = (
				DFC906621B5FD99A00F4DFC5 /* responder */,
				DFC9067B1B5FD99B00F4DFC5 /* responderTests */,
			);
		};
/* End PBXProject section */

/* Begin PBXResourcesBuildPhase section */
		DFC906611B5FD99A00F4DFC5 /* Resources */ = {
			isa = PBXResourcesBuildPhase;
			buildActionMask = 2147483647;
			files = (
				DF365F821B6523F700E8E9A3 /* could.gif in Resources */,
				DFC906721B5FD99B00F4DFC5 /* Main.storyboard in Resources */,
				DF365F941B653C9700E8E9A3 /* NickNameVC.xib in Resources */,
				DF365F991B65B37200E8E9A3 /* AnswerCell.xib in Resources */,
				DF365F8C1B65362800E8E9A3 /* SubDeviceCell.xib in Resources */,
				DFC906771B5FD99B00F4DFC5 /* LaunchScreen.xib in Resources */,
				DF365F9E1B65B74200E8E9A3 /* AnswerVC.xib in Resources */,
				DFC906741B5FD99B00F4DFC5 /* Images.xcassets in Resources */,
			);
			runOnlyForDeploymentPostprocessing = 0;
		};
		DFC9067A1B5FD99B00F4DFC5 /* Resources */ = {
			isa = PBXResourcesBuildPhase;
			buildActionMask = 2147483647;
			files = (
			);
			runOnlyForDeploymentPostprocessing = 0;
		};
/* End PBXResourcesBuildPhase section */

/* Begin PBXSourcesBuildPhase section */
		DFC9065F1B5FD99A00F4DFC5 /* Sources */ = {
			isa = PBXSourcesBuildPhase;
			buildActionMask = 2147483647;
			files = (
				DFC9066F1B5FD99B00F4DFC5 /* ViewController.m in Sources */,
				DF365F9D1B65B74200E8E9A3 /* AnswerVC.m in Sources */,
				DFFFF1011B6350A000B710D8 /* DeviceHelper.m in Sources */,
				DFC9066C1B5FD99B00F4DFC5 /* AppDelegate.m in Sources */,
				DFC906691B5FD99B00F4DFC5 /* main.m in Sources */,
				DF365F8B1B65362800E8E9A3 /* SubDeviceCell.m in Sources */,
				DF365F8F1B65373300E8E9A3 /* DataTool.m in Sources */,
				DF365F801B65232100E8E9A3 /* GiFHUD.m in Sources */,
				DF365F981B65B37200E8E9A3 /* AnswerCell.m in Sources */,
				DF365F931B653C9700E8E9A3 /* NickNameVC.m in Sources */,
				DF365F7D1B65184B00E8E9A3 /* UIScrollView+EmptyDataSet.m in Sources */,
			);
			runOnlyForDeploymentPostprocessing = 0;
		};
		DFC906781B5FD99B00F4DFC5 /* Sources */ = {
			isa = PBXSourcesBuildPhase;
			buildActionMask = 2147483647;
			files = (
				DFC906831B5FD99B00F4DFC5 /* responderTests.m in Sources */,
			);
			runOnlyForDeploymentPostprocessing = 0;
		};
/* End PBXSourcesBuildPhase section */

/* Begin PBXTargetDependency section */
		DFC9067E1B5FD99B00F4DFC5 /* PBXTargetDependency */ = {
			isa = PBXTargetDependency;
			target = DFC906621B5FD99A00F4DFC5 /* responder */;
			targetProxy = DFC9067D1B5FD99B00F4DFC5 /* PBXContainerItemProxy */;
		};
/* End PBXTargetDependency section */

/* Begin PBXVariantGroup section */
		DFC906701B5FD99B00F4DFC5 /* Main.storyboard */ = {
			isa = PBXVariantGroup;
			children = (
				DFC906711B5FD99B00F4DFC5 /* Base */,
			);
			name = Main.storyboard;
			sourceTree = "<group>";
		};
		DFC906751B5FD99B00F4DFC5 /* LaunchScreen.xib */ = {
			isa = PBXVariantGroup;
			children = (
				DFC906761B5FD99B00F4DFC5 /* Base */,
			);
			name = LaunchScreen.xib;
			sourceTree = "<group>";
		};
/* End PBXVariantGroup section */

/* Begin XCBuildConfiguration section */
		DFC906841B5FD99B00F4DFC5 /* Debug */ = {
			isa = XCBuildConfiguration;
			buildSettings = {
				ALWAYS_SEARCH_USER_PATHS = NO;
				CLANG_CXX_LANGUAGE_STANDARD = "gnu++0x";
				CLANG_CXX_LIBRARY = "libc++";
				CLANG_ENABLE_MODULES = YES;
				CLANG_ENABLE_OBJC_ARC = YES;
				CLANG_WARN_BOOL_CONVERSION = YES;
				CLANG_WARN_CONSTANT_CONVERSION = YES;
				CLANG_WARN_DIRECT_OBJC_ISA_USAGE = YES_ERROR;
				CLANG_WARN_EMPTY_BODY = YES;
				CLANG_WARN_ENUM_CONVERSION = YES;
				CLANG_WARN_INT_CONVERSION = YES;
				CLANG_WARN_OBJC_ROOT_CLASS = YES_ERROR;
				CLANG_WARN_UNREACHABLE_CODE = YES;
				CLANG_WARN__DUPLICATE_METHOD_MATCH = YES;
				"CODE_SIGN_IDENTITY[sdk=iphoneos*]" = "iPhone Developer";
				COPY_PHASE_STRIP = NO;
				DEBUG_INFORMATION_FORMAT = "dwarf-with-dsym";
				ENABLE_STRICT_OBJC_MSGSEND = YES;
				GCC_C_LANGUAGE_STANDARD = gnu99;
				GCC_DYNAMIC_NO_PIC = NO;
				GCC_NO_COMMON_BLOCKS = YES;
				GCC_OPTIMIZATION_LEVEL = 0;
				GCC_PREPROCESSOR_DEFINITIONS = (
					"DEBUG=1",
					"$(inherited)",
				);
				GCC_SYMBOLS_PRIVATE_EXTERN = NO;
				GCC_WARN_64_TO_32_BIT_CONVERSION = YES;
				GCC_WARN_ABOUT_RETURN_TYPE = YES_ERROR;
				GCC_WARN_UNDECLARED_SELECTOR = YES;
				GCC_WARN_UNINITIALIZED_AUTOS = YES_AGGRESSIVE;
				GCC_WARN_UNUSED_FUNCTION = YES;
				GCC_WARN_UNUSED_VARIABLE = YES;
				IPHONEOS_DEPLOYMENT_TARGET = 8.4;
				MTL_ENABLE_DEBUG_INFO = YES;
				ONLY_ACTIVE_ARCH = YES;
				SDKROOT = iphoneos;
				TARGETED_DEVICE_FAMILY = "1,2";
			};
			name = Debug;
		};
		DFC906851B5FD99B00F4DFC5 /* Release */ = {
			isa = XCBuildConfiguration;
			buildSettings = {
				ALWAYS_SEARCH_USER_PATHS = NO;
				CLANG_CXX_LANGUAGE_STANDARD = "gnu++0x";
				CLANG_CXX_LIBRARY = "libc++";
				CLANG_ENABLE_MODULES = YES;
				CLANG_ENABLE_OBJC_ARC = YES;
				CLANG_WARN_BOOL_CONVERSION = YES;
				CLANG_WARN_CONSTANT_CONVERSION = YES;
				CLANG_WARN_DIRECT_OBJC_ISA_USAGE = YES_ERROR;
				CLANG_WARN_EMPTY_BODY = YES;
				CLANG_WARN_ENUM_CONVERSION = YES;
				CLANG_WARN_INT_CONVERSION = YES;
				CLANG_WARN_OBJC_ROOT_CLASS = YES_ERROR;
				CLANG_WARN_UNREACHABLE_CODE = YES;
				CLANG_WARN__DUPLICATE_METHOD_MATCH = YES;
				"CODE_SIGN_IDENTITY[sdk=iphoneos*]" = "iPhone Developer";
				COPY_PHASE_STRIP = NO;
				DEBUG_INFORMATION_FORMAT = "dwarf-with-dsym";
				ENABLE_NS_ASSERTIONS = NO;
				ENABLE_STRICT_OBJC_MSGSEND = YES;
				GCC_C_LANGUAGE_STANDARD = gnu99;
				GCC_NO_COMMON_BLOCKS = YES;
				GCC_WARN_64_TO_32_BIT_CONVERSION = YES;
				GCC_WARN_ABOUT_RETURN_TYPE = YES_ERROR;
				GCC_WARN_UNDECLARED_SELECTOR = YES;
				GCC_WARN_UNINITIALIZED_AUTOS = YES_AGGRESSIVE;
				GCC_WARN_UNUSED_FUNCTION = YES;
				GCC_WARN_UNUSED_VARIABLE = YES;
				IPHONEOS_DEPLOYMENT_TARGET = 8.4;
				MTL_ENABLE_DEBUG_INFO = NO;
				SDKROOT = iphoneos;
				TARGETED_DEVICE_FAMILY = "1,2";
				VALIDATE_PRODUCT = YES;
			};
			name = Release;
		};
		DFC906871B5FD99B00F4DFC5 /* Debug */ = {
			isa = XCBuildConfiguration;
			buildSettings = {
				ASSETCATALOG_COMPILER_APPICON_NAME = AppIcon;
				INFOPLIST_FILE = responder/Info.plist;
				LD_RUNPATH_SEARCH_PATHS = "$(inherited) @executable_path/Frameworks";
				PRODUCT_NAME = "$(TARGET_NAME)";
				PROVISIONING_PROFILE = "01c78d9c-059d-4ee1-963b-67815a01f150";
			};
			name = Debug;
		};
		DFC906881B5FD99B00F4DFC5 /* Release */ = {
			isa = XCBuildConfiguration;
			buildSettings = {
				ASSETCATALOG_COMPILER_APPICON_NAME = AppIcon;
				INFOPLIST_FILE = responder/Info.plist;
				LD_RUNPATH_SEARCH_PATHS = "$(inherited) @executable_path/Frameworks";
				PRODUCT_NAME = "$(TARGET_NAME)";
				PROVISIONING_PROFILE = "01c78d9c-059d-4ee1-963b-67815a01f150";
			};
			name = Release;
		};
		DFC9068A1B5FD99B00F4DFC5 /* Debug */ = {
			isa = XCBuildConfiguration;
			buildSettings = {
				BUNDLE_LOADER = "$(TEST_HOST)";
				FRAMEWORK_SEARCH_PATHS = (
					"$(SDKROOT)/Developer/Library/Frameworks",
					"$(inherited)",
				);
				GCC_PREPROCESSOR_DEFINITIONS = (
					"DEBUG=1",
					"$(inherited)",
				);
				INFOPLIST_FILE = responderTests/Info.plist;
				LD_RUNPATH_SEARCH_PATHS = "$(inherited) @executable_path/Frameworks @loader_path/Frameworks";
				PRODUCT_NAME = "$(TARGET_NAME)";
				TEST_HOST = "$(BUILT_PRODUCTS_DIR)/responder.app/responder";
			};
			name = Debug;
		};
		DFC9068B1B5FD99B00F4DFC5 /* Release */ = {
			isa = XCBuildConfiguration;
			buildSettings = {
				BUNDLE_LOADER = "$(TEST_HOST)";
				FRAMEWORK_SEARCH_PATHS = (
					"$(SDKROOT)/Developer/Library/Frameworks",
					"$(inherited)",
				);
				INFOPLIST_FILE = responderTests/Info.plist;
				LD_RUNPATH_SEARCH_PATHS = "$(inherited) @executable_path/Frameworks @loader_path/Frameworks";
				PRODUCT_NAME = "$(TARGET_NAME)";
				TEST_HOST = "$(BUILT_PRODUCTS_DIR)/responder.app/responder";
			};
			name = Release;
		};
/* End XCBuildConfiguration section */

/* Begin XCConfigurationList section */
		DFC9065E1B5FD99A00F4DFC5 /* Build configuration list for PBXProject "responder" */ = {
			isa = XCConfigurationList;
			buildConfigurations = (
				DFC906841B5FD99B00F4DFC5 /* Debug */,
				DFC906851B5FD99B00F4DFC5 /* Release */,
			);
			defaultConfigurationIsVisible = 0;
			defaultConfigurationName = Release;
		};
		DFC906861B5FD99B00F4DFC5 /* Build configuration list for PBXNativeTarget "responder" */ = {
			isa = XCConfigurationList;
			buildConfigurations = (
				DFC906871B5FD99B00F4DFC5 /* Debug */,
				DFC906881B5FD99B00F4DFC5 /* Release */,
			);
			defaultConfigurationIsVisible = 0;
			defaultConfigurationName = Release;
		};
		DFC906891B5FD99B00F4DFC5 /* Build configuration list for PBXNativeTarget "responderTests" */ = {
			isa = XCConfigurationList;
			buildConfigurations = (
				DFC9068A1B5FD99B00F4DFC5 /* Debug */,
				DFC9068B1B5FD99B00F4DFC5 /* Release */,
			);
			defaultConfigurationIsVisible = 0;
			defaultConfigurationName = Release;
		};
/* End XCConfigurationList section */
	};
	rootObject = DFC9065B1B5FD99A00F4DFC5 /* Project object */;
}
